
Microsoft Visual Studio Solution File, Format Version 12.00
# Visual Studio 15
VisualStudioVersion = 15.0.28307.1622
MinimumVisualStudioVersion = 10.0.40219.1
Project("{FAE04EC0-301F-11D3-BF4B-00C04F79EFBC}") = "GymSystem", "GymSystem\GymSystem.csproj", "{A66E2D1D-C0A0-41AA-B314-E62170DDBEE3}"
EndProject
Global
	GlobalSection(SolutionConfigurationPlatforms) = preSolution
		Debug|Any CPU = Debug|Any CPU
		Release|Any CPU = Release|Any CPU
	EndGlobalSection
	GlobalSection(ProjectConfigurationPlatforms) = postSolution
		{A66E2D1D-C0A0-41AA-B314-E62170DDBEE3}.Debug|Any CPU.ActiveCfg = Debug|Any CPU
		{A66E2D1D-C0A0-41AA-B314-E62170DDBEE3}.Debug|Any CPU.Build.0 = Debug|Any CPU
		{A66E2D1D-C0A0-41AA-B314-E62170DDBEE3}.Release|Any CPU.ActiveCfg = Release|Any CPU
		{A66E2D1D-C0A0-41AA-B314-E62170DDBEE3}.Release|Any CPU.Build.0 = Release|Any CPU
	EndGlobalSection
	GlobalSection(SolutionProperties) = preSolution
		HideSolutionNode = FALSE
	EndGlobalSection
	GlobalSection(ExtensibilityGlobals) = postSolution
		SolutionGuid = {6F2A3622-13B9-4D28-AB59-97168605BED3}
	EndGlobalSection
EndGlobal
